
Microsoft Visual Studio Solution File, Format Version 12.00
# Visual Studio 15
VisualStudioVersion = 15.0.28307.329
MinimumVisualStudioVersion = 10.0.40219.1
Project("{FAE04EC0-301F-11D3-BF4B-00C04F79EFBC}") = "pluralsight_restful_api_core", "pluralsight_restful_api_core\pluralsight_restful_api_core.csproj", "{D958FC0F-E226-4EF6-9BB0-CCFC4DF03CBE}"
EndProject
Global
	GlobalSection(SolutionConfigurationPlatforms) = preSolution
		Debug|Any CPU = Debug|Any CPU
		Release|Any CPU = Release|Any CPU
	EndGlobalSection
	GlobalSection(ProjectConfigurationPlatforms) = postSolution
		{D958FC0F-E226-4EF6-9BB0-CCFC4DF03CBE}.Debug|Any CPU.ActiveCfg = Debug|Any CPU
		{D958FC0F-E226-4EF6-9BB0-CCFC4DF03CBE}.Debug|Any CPU.Build.0 = Debug|Any CPU
		{D958FC0F-E226-4EF6-9BB0-CCFC4DF03CBE}.Release|Any CPU.ActiveCfg = Release|Any CPU
		{D958FC0F-E226-4EF6-9BB0-CCFC4DF03CBE}.Release|Any CPU.Build.0 = Release|Any CPU
	EndGlobalSection
	GlobalSection(SolutionProperties) = preSolution
		HideSolutionNode = FALSE
	EndGlobalSection
	GlobalSection(ExtensibilityGlobals) = postSolution
		SolutionGuid = {4BD4C26F-6DEE-4051-AE3C-7C836A2A7320}
	EndGlobalSection
EndGlobal
